
Microsoft Visual Studio Solution File, Format Version 12.00
# Visual Studio Version 17
VisualStudioVersion = 17.4.33213.308
MinimumVisualStudioVersion = 10.0.40219.1
Project("{FAE04EC0-301F-11D3-BF4B-00C04F79EFBC}") = "factorial", "factorial\factorial.csproj", "{68276863-54A4-430F-BD68-080C2D66578A}"
EndProject
Global
	GlobalSection(SolutionConfigurationPlatforms) = preSolution
		Debug|Any CPU = Debug|Any CPU
		Release|Any CPU = Release|Any CPU
	EndGlobalSection
	GlobalSection(ProjectConfigurationPlatforms) = postSolution
		{68276863-54A4-430F-BD68-080C2D66578A}.Debug|Any CPU.ActiveCfg = Debug|Any CPU
		{68276863-54A4-430F-BD68-080C2D66578A}.Debug|Any CPU.Build.0 = Debug|Any CPU
		{68276863-54A4-430F-BD68-080C2D66578A}.Release|Any CPU.ActiveCfg = Release|Any CPU
		{68276863-54A4-430F-BD68-080C2D66578A}.Release|Any CPU.Build.0 = Release|Any CPU
	EndGlobalSection
	GlobalSection(SolutionProperties) = preSolution
		HideSolutionNode = FALSE
	EndGlobalSection
	GlobalSection(ExtensibilityGlobals) = postSolution
		SolutionGuid = {BF4CD131-5D18-41C6-86D4-1288EEA6C86C}
	EndGlobalSection
EndGlobal
