
Microsoft Visual Studio Solution File, Format Version 12.00
# Visual Studio Version 17
VisualStudioVersion = 17.4.33213.308
MinimumVisualStudioVersion = 10.0.40219.1
Project("{FAE04EC0-301F-11D3-BF4B-00C04F79EFBC}") = "Quotient and Remainder", "Quotient and Remainder\Quotient and Remainder.csproj", "{5438BA79-5409-4B8A-8F5D-31031CC0B7B0}"
EndProject
Global
	GlobalSection(SolutionConfigurationPlatforms) = preSolution
		Debug|Any CPU = Debug|Any CPU
		Release|Any CPU = Release|Any CPU
	EndGlobalSection
	GlobalSection(ProjectConfigurationPlatforms) = postSolution
		{5438BA79-5409-4B8A-8F5D-31031CC0B7B0}.Debug|Any CPU.ActiveCfg = Debug|Any CPU
		{5438BA79-5409-4B8A-8F5D-31031CC0B7B0}.Debug|Any CPU.Build.0 = Debug|Any CPU
		{5438BA79-5409-4B8A-8F5D-31031CC0B7B0}.Release|Any CPU.ActiveCfg = Release|Any CPU
		{5438BA79-5409-4B8A-8F5D-31031CC0B7B0}.Release|Any CPU.Build.0 = Release|Any CPU
	EndGlobalSection
	GlobalSection(SolutionProperties) = preSolution
		HideSolutionNode = FALSE
	EndGlobalSection
	GlobalSection(ExtensibilityGlobals) = postSolution
		SolutionGuid = {1FE97F7C-9AD6-4BDE-96D5-23E721F0CC10}
	EndGlobalSection
EndGlobal
