
Microsoft Visual Studio Solution File, Format Version 12.00
# Visual Studio Version 17
VisualStudioVersion = 17.4.33213.308
MinimumVisualStudioVersion = 10.0.40219.1
Project("{FAE04EC0-301F-11D3-BF4B-00C04F79EFBC}") = "Swap 2 Numbers", "Swap 2 Numbers\Swap 2 Numbers.csproj", "{F7579BDD-71C1-4FC8-ABB4-C3D7CBEF5347}"
EndProject
Global
	GlobalSection(SolutionConfigurationPlatforms) = preSolution
		Debug|Any CPU = Debug|Any CPU
		Release|Any CPU = Release|Any CPU
	EndGlobalSection
	GlobalSection(ProjectConfigurationPlatforms) = postSolution
		{F7579BDD-71C1-4FC8-ABB4-C3D7CBEF5347}.Debug|Any CPU.ActiveCfg = Debug|Any CPU
		{F7579BDD-71C1-4FC8-ABB4-C3D7CBEF5347}.Debug|Any CPU.Build.0 = Debug|Any CPU
		{F7579BDD-71C1-4FC8-ABB4-C3D7CBEF5347}.Release|Any CPU.ActiveCfg = Release|Any CPU
		{F7579BDD-71C1-4FC8-ABB4-C3D7CBEF5347}.Release|Any CPU.Build.0 = Release|Any CPU
	EndGlobalSection
	GlobalSection(SolutionProperties) = preSolution
		HideSolutionNode = FALSE
	EndGlobalSection
	GlobalSection(ExtensibilityGlobals) = postSolution
		SolutionGuid = {76C6BA36-55AB-4AA9-B6AD-F0A0D76F4BDF}
	EndGlobalSection
EndGlobal
